# generated by rye
# use `rye lock` or `rye sync` to update this lockfile
#
# last locked with the following flags:
#   pre: false
#   features: []
#   all-features: false
#   with-sources: false
#   generate-hashes: false
#   universal: false

-e file:.
attrs==24.2.0
    # via cyclopts
cffi==1.17.1
    # via clr-loader
clr-loader==0.2.6
    # via pythonnet
colorama==0.4.6
    # via loguru
cx-freeze==7.2.2
    # via eco
cx-logging==3.2.0
    # via cx-freeze
cyclopts==2.9.9
    # via eco
docstring-parser==0.16
    # via cyclopts
docutils==0.21.2
    # via rich-rst
eco @ git+https://github.com/beskep/ECO2@2e086d2a94473cb40b35a42bbf36710ffe8f9f83
    # via eco2edit
lief==0.15.1
    # via cx-freeze
loguru==0.7.2
    # via eco
lxml==5.3.0
    # via eco
markdown-it-py==3.0.0
    # via rich
mdurl==0.1.2
    # via markdown-it-py
more-itertools==10.5.0
    # via eco2edit
packaging==24.1
    # via cx-freeze
pycparser==2.22
    # via cffi
pygments==2.18.0
    # via rich
pythonnet==3.0.4
    # via eco
rich==13.8.1
    # via cyclopts
    # via eco
    # via rich-rst
rich-rst==1.3.1
    # via cyclopts
setuptools==75.1.0
    # via cx-freeze
typing-extensions==4.12.2
    # via cyclopts
win32-setctime==1.1.0
    # via loguru
