# generated by rye
# use `rye lock` or `rye sync` to update this lockfile
#
# last locked with the following flags:
#   pre: false
#   features: []
#   all-features: false
#   with-sources: false
#   generate-hashes: false
#   universal: false

-e file:.
astroid==3.3.5
    # via pylint
attrs==24.2.0
    # via cyclopts
cffi==1.17.1
    # via clr-loader
clr-loader==0.2.6
    # via pythonnet
colorama==0.4.6
    # via loguru
    # via pylint
cssselect==1.2.0
    # via types-lxml
cx-freeze==7.2.3
    # via eco2
cx-logging==3.2.1
    # via cx-freeze
cyclopts==2.9.9
    # via eco2
dill==0.3.9
    # via pylint
docstring-parser==0.16
    # via cyclopts
docutils==0.21.2
    # via rich-rst
eco2 @ git+https://github.com/beskep/ECO2@3bf4e732eedd34bea80bcf4474e11e9d0f19f868
    # via eco2edit
isort==5.13.2
    # via pylint
lief==0.15.1
    # via cx-freeze
loguru==0.7.2
    # via eco2
lxml==5.3.0
    # via eco2
markdown-it-py==3.0.0
    # via rich
mccabe==0.7.0
    # via pylint
mdurl==0.1.2
    # via markdown-it-py
more-itertools==10.5.0
    # via eco2edit
mypy==1.12.0
mypy-extensions==1.0.0
    # via mypy
numpy==2.1.2
    # via scipy
packaging==24.1
    # via cx-freeze
platformdirs==4.3.6
    # via pylint
pycparser==2.22
    # via cffi
pydash==8.0.3
    # via eco2edit
pygments==2.18.0
    # via rich
pylint==3.3.1
pythonnet==3.0.4
    # via eco2
rich==13.9.2
    # via cyclopts
    # via eco2
    # via rich-rst
rich-rst==1.3.1
    # via cyclopts
ruff==0.6.9
scipy==1.14.1
    # via eco2edit
setuptools==75.1.0
    # via cx-freeze
tomlkit==0.13.2
    # via pylint
types-beautifulsoup4==4.12.0.20240907
    # via types-lxml
types-html5lib==1.1.11.20240806
    # via types-beautifulsoup4
types-lxml==2024.9.16
typing-extensions==4.12.2
    # via cyclopts
    # via mypy
    # via pydash
    # via types-lxml
win32-setctime==1.1.0
    # via loguru
